
Microsoft Visual Studio Solution File, Format Version 12.00
# Visual Studio Version 17
VisualStudioVersion = 17.13.35806.99
MinimumVisualStudioVersion = 10.0.40219.1
Project("{FAE04EC0-301F-11D3-BF4B-00C04F79EFBC}") = "UBS-MemberData", "UBS-MemberData\UBS-MemberData.csproj", "{B0ECA818-9AA9-4D54-9846-D5BBEC24B9D3}"
EndProject
Global
	GlobalSection(SolutionConfigurationPlatforms) = preSolution
		Debug|Any CPU = Debug|Any CPU
		Release|Any CPU = Release|Any CPU
	EndGlobalSection
	GlobalSection(ProjectConfigurationPlatforms) = postSolution
		{B0ECA818-9AA9-4D54-9846-D5BBEC24B9D3}.Debug|Any CPU.ActiveCfg = Debug|Any CPU
		{B0ECA818-9AA9-4D54-9846-D5BBEC24B9D3}.Debug|Any CPU.Build.0 = Debug|Any CPU
		{B0ECA818-9AA9-4D54-9846-D5BBEC24B9D3}.Release|Any CPU.ActiveCfg = Release|Any CPU
		{B0ECA818-9AA9-4D54-9846-D5BBEC24B9D3}.Release|Any CPU.Build.0 = Release|Any CPU
	EndGlobalSection
	GlobalSection(SolutionProperties) = preSolution
		HideSolutionNode = FALSE
	EndGlobalSection
	GlobalSection(ExtensibilityGlobals) = postSolution
		SolutionGuid = {3EAA38A9-F3F9-4035-9363-B7F71B17BCA0}
	EndGlobalSection
EndGlobal
